
Microsoft Visual Studio Solution File, Format Version 12.00
# Visual Studio 15
Project("{FAE04EC0-301F-11D3-BF4B-00C04F79EFBC}") = "Assembly-CSharp-firstpass", "Assembly-CSharp-firstpass.csproj", "{7A4C9275-8D0C-DA34-6CB5-C4663680578D}"
EndProject
Project("{FAE04EC0-301F-11D3-BF4B-00C04F79EFBC}") = "Assembly-CSharp", "Assembly-CSharp.csproj", "{555FC212-1868-3441-A86E-147EAABCDF63}"
EndProject
Project("{FAE04EC0-301F-11D3-BF4B-00C04F79EFBC}") = "Assembly-CSharp-Editor-firstpass", "Assembly-CSharp-Editor-firstpass.csproj", "{CC3D4C67-9344-4632-E36B-9CB2F0210ECA}"
EndProject
Project("{FAE04EC0-301F-11D3-BF4B-00C04F79EFBC}") = "Assembly-CSharp-Editor", "Assembly-CSharp-Editor.csproj", "{CA493CAF-15CB-7801-FBA9-600A607FD13E}"
EndProject
Global
	GlobalSection(SolutionConfigurationPlatforms) = preSolution
		Debug|Any CPU = Debug|Any CPU
		Release|Any CPU = Release|Any CPU
	EndGlobalSection
	GlobalSection(ProjectConfigurationPlatforms) = postSolution
		{7A4C9275-8D0C-DA34-6CB5-C4663680578D}.Debug|Any CPU.ActiveCfg = Debug|Any CPU
		{7A4C9275-8D0C-DA34-6CB5-C4663680578D}.Debug|Any CPU.Build.0 = Debug|Any CPU
		{7A4C9275-8D0C-DA34-6CB5-C4663680578D}.Release|Any CPU.ActiveCfg = Release|Any CPU
		{7A4C9275-8D0C-DA34-6CB5-C4663680578D}.Release|Any CPU.Build.0 = Release|Any CPU
		{555FC212-1868-3441-A86E-147EAABCDF63}.Debug|Any CPU.ActiveCfg = Debug|Any CPU
		{555FC212-1868-3441-A86E-147EAABCDF63}.Debug|Any CPU.Build.0 = Debug|Any CPU
		{555FC212-1868-3441-A86E-147EAABCDF63}.Release|Any CPU.ActiveCfg = Release|Any CPU
		{555FC212-1868-3441-A86E-147EAABCDF63}.Release|Any CPU.Build.0 = Release|Any CPU
		{CC3D4C67-9344-4632-E36B-9CB2F0210ECA}.Debug|Any CPU.ActiveCfg = Debug|Any CPU
		{CC3D4C67-9344-4632-E36B-9CB2F0210ECA}.Debug|Any CPU.Build.0 = Debug|Any CPU
		{CC3D4C67-9344-4632-E36B-9CB2F0210ECA}.Release|Any CPU.ActiveCfg = Release|Any CPU
		{CC3D4C67-9344-4632-E36B-9CB2F0210ECA}.Release|Any CPU.Build.0 = Release|Any CPU
		{CA493CAF-15CB-7801-FBA9-600A607FD13E}.Debug|Any CPU.ActiveCfg = Debug|Any CPU
		{CA493CAF-15CB-7801-FBA9-600A607FD13E}.Debug|Any CPU.Build.0 = Debug|Any CPU
		{CA493CAF-15CB-7801-FBA9-600A607FD13E}.Release|Any CPU.ActiveCfg = Release|Any CPU
		{CA493CAF-15CB-7801-FBA9-600A607FD13E}.Release|Any CPU.Build.0 = Release|Any CPU
	EndGlobalSection
	GlobalSection(SolutionProperties) = preSolution
		HideSolutionNode = FALSE
	EndGlobalSection
EndGlobal
